
Microsoft Visual Studio Solution File, Format Version 12.00
# Visual Studio Version 16
VisualStudioVersion = 16.0.29728.190
MinimumVisualStudioVersion = 10.0.40219.1
Project("{9A19103F-16F7-4668-BE54-9A1E7A4F7556}") = "backend", "backend\backend.csproj", "{A2CFBF26-B214-4A3C-A8BF-7C7A72546F09}"
EndProject
Project("{FAE04EC0-301F-11D3-BF4B-00C04F79EFBC}") = "backend.test", "backend.test\backend.test.csproj", "{D921CBAA-FD82-4CE3-8B9E-8F94A9B81383}"
EndProject
Global
	GlobalSection(SolutionConfigurationPlatforms) = preSolution
		Debug|Any CPU = Debug|Any CPU
		Release|Any CPU = Release|Any CPU
	EndGlobalSection
	GlobalSection(ProjectConfigurationPlatforms) = postSolution
		{A2CFBF26-B214-4A3C-A8BF-7C7A72546F09}.Debug|Any CPU.ActiveCfg = Debug|Any CPU
		{A2CFBF26-B214-4A3C-A8BF-7C7A72546F09}.Debug|Any CPU.Build.0 = Debug|Any CPU
		{A2CFBF26-B214-4A3C-A8BF-7C7A72546F09}.Release|Any CPU.ActiveCfg = Release|Any CPU
		{A2CFBF26-B214-4A3C-A8BF-7C7A72546F09}.Release|Any CPU.Build.0 = Release|Any CPU
		{D921CBAA-FD82-4CE3-8B9E-8F94A9B81383}.Debug|Any CPU.ActiveCfg = Debug|Any CPU
		{D921CBAA-FD82-4CE3-8B9E-8F94A9B81383}.Debug|Any CPU.Build.0 = Debug|Any CPU
		{D921CBAA-FD82-4CE3-8B9E-8F94A9B81383}.Release|Any CPU.ActiveCfg = Release|Any CPU
		{D921CBAA-FD82-4CE3-8B9E-8F94A9B81383}.Release|Any CPU.Build.0 = Release|Any CPU
	EndGlobalSection
	GlobalSection(SolutionProperties) = preSolution
		HideSolutionNode = FALSE
	EndGlobalSection
	GlobalSection(ExtensibilityGlobals) = postSolution
		SolutionGuid = {6EDFBC2C-7B89-41F8-98ED-FFE3A3AE587D}
	EndGlobalSection
EndGlobal
